<?xml version="1.0" encoding="utf-8"?>
<Project ToolsVersion="4.0" xmlns="http://schemas.microsoft.com/developer/msbuild/2003">
  <ItemGroup>
    <Filter Include="Source Files">
      <UniqueIdentifier>{4FC737F1-C7A5-4376-A066-2A32D752A2FF}</UniqueIdentifier>
      <Extensions>cpp;c;cc;cxx;def;odl;idl;hpj;bat;asm;asmx</Extensions>
    </Filter>
    <Filter Include="Header Files">
      <UniqueIdentifier>{93995380-89BD-4b04-88EB-625FBE52EBFB}</UniqueIdentifier>
      <Extensions>h;hh;hpp;hxx;hm;inl;inc;ipp;xsd</Extensions>
    </Filter>
    <Filter Include="Resource Files">
      <UniqueIdentifier>{67DA6AB6-F800-4c08-8B7A-83BB121AAD01}</UniqueIdentifier>
      <Extensions>rc;ico;cur;bmp;dlg;rc2;rct;bin;rgs;gif;jpg;jpeg;jpe;resx;tiff;tif;png;wav;mfcribbon-ms</Extensions>
    </Filter>
  </ItemGroup>
  <ItemGroup>
    <ClCompile Include="source\main.cpp">
      <Filter>Source Files</Filter>
    </ClCompile>
    <ClCompile Include="source\core\window\window.cpp">
      <Filter>Source Files</Filter>
    </ClCompile>
    <ClCompile Include="source\core\graphics\render_device.cpp">
      <Filter>Source Files</Filter>
    </ClCompile>
    <ClCompile Include="source\core\graphics\screen\surface.cpp">
      <Filter>Source Files</Filter>
    </ClCompile>
    <ClCompile Include="source\core\graphics\shader.cpp">
      <Filter>Source Files</Filter>
    </ClCompile>
    <ClCompile Include="source\core\math\float2.cpp">
      <Filter>Source Files</Filter>
    </ClCompile>
    <ClCompile Include="source\core\math\float3.cpp">
      <Filter>Source Files</Filter>
    </ClCompile>
    <ClCompile Include="source\core\math\float4.cpp">
      <Filter>Source Files</Filter>
    </ClCompile>
    <ClCompile Include="source\raytracing\scene.cpp">
      <Filter>Source Files</Filter>
    </ClCompile>
    <ClCompile Include="source\raytracing\shapes\sphere.cpp">
      <Filter>Source Files</Filter>
    </ClCompile>
    <ClCompile Include="source\raytracing\shapes\plane.cpp">
      <Filter>Source Files</Filter>
    </ClCompile>
    <ClCompile Include="source\imgui\imgui.cpp">
      <Filter>Source Files</Filter>
    </ClCompile>
    <ClCompile Include="source\imgui\imgui_demo.cpp">
      <Filter>Source Files</Filter>
    </ClCompile>
    <ClCompile Include="source\imgui\imgui_draw.cpp">
      <Filter>Source Files</Filter>
    </ClCompile>
    <ClCompile Include="source\imgui\imgui_impl_opengl3.cpp">
      <Filter>Source Files</Filter>
    </ClCompile>
    <ClCompile Include="source\imgui\imgui_tables.cpp">
      <Filter>Source Files</Filter>
    </ClCompile>
    <ClCompile Include="source\imgui\imgui_widgets.cpp">
      <Filter>Source Files</Filter>
    </ClCompile>
    <ClCompile Include="source\imgui\imgui_impl_glfw.cpp">
      <Filter>Source Files</Filter>
    </ClCompile>
    <ClCompile Include="source\raytracing\camera.cpp">
      <Filter>Source Files</Filter>
    </ClCompile>
    <ClCompile Include="source\scene\camera_controller.cpp">
      <Filter>Source Files</Filter>
    </ClCompile>
    <ClCompile Include="source\raytracing\ray.cpp">
      <Filter>Source Files</Filter>
    </ClCompile>
    <ClCompile Include="source\raytracing\lights\point_light.cpp">
      <Filter>Source Files</Filter>
    </ClCompile>
    <ClCompile Include="source\raytracing\material\texture.cpp">
      <Filter>Source Files</Filter>
    </ClCompile>
    <ClCompile Include="source\raytracing\lights\directional_light.cpp">
      <Filter>Source Files</Filter>
    </ClCompile>
    <ClCompile Include="source\raytracing\lights\light.cpp">
      <Filter>Source Files</Filter>
    </ClCompile>
    <ClCompile Include="source\core\graphics\color3.cpp">
      <Filter>Source Files</Filter>
    </ClCompile>
  </ItemGroup>
  <ItemGroup>
    <ClInclude Include="source\core\window\window.h">
      <Filter>Header Files</Filter>
    </ClInclude>
    <ClInclude Include="source\core\graphics\render_device.h">
      <Filter>Header Files</Filter>
    </ClInclude>
    <ClInclude Include="source\core\graphics\screen\surface.h">
      <Filter>Header Files</Filter>
    </ClInclude>
    <ClInclude Include="source\core\graphics\screen\pixel.h">
      <Filter>Header Files</Filter>
    </ClInclude>
    <ClInclude Include="source\core\graphics\shader.h">
      <Filter>Header Files</Filter>
    </ClInclude>
    <ClInclude Include="source\core\file_utility.h">
      <Filter>Header Files</Filter>
    </ClInclude>
    <ClInclude Include="source\core\math\float2.h">
      <Filter>Header Files</Filter>
    </ClInclude>
    <ClInclude Include="source\core\math\float3.h">
      <Filter>Header Files</Filter>
    </ClInclude>
    <ClInclude Include="source\core\math\float4.h">
      <Filter>Header Files</Filter>
    </ClInclude>
    <ClInclude Include="source\raytracing\ray.h">
      <Filter>Header Files</Filter>
    </ClInclude>
    <ClInclude Include="source\raytracing\scene.h">
      <Filter>Header Files</Filter>
    </ClInclude>
    <ClInclude Include="source\raytracing\shapes\shape.h">
      <Filter>Header Files</Filter>
    </ClInclude>
    <ClInclude Include="source\raytracing\shapes\sphere.h">
      <Filter>Header Files</Filter>
    </ClInclude>
    <ClInclude Include="source\raytracing\shapes\plane.h">
      <Filter>Header Files</Filter>
    </ClInclude>
    <ClInclude Include="source\raytracing\material\material.h">
      <Filter>Header Files</Filter>
    </ClInclude>
    <ClInclude Include="source\imgui\imconfig.h">
      <Filter>Header Files</Filter>
    </ClInclude>
    <ClInclude Include="source\imgui\imgui.h">
      <Filter>Header Files</Filter>
    </ClInclude>
    <ClInclude Include="source\imgui\imgui_impl_opengl3.h">
      <Filter>Header Files</Filter>
    </ClInclude>
    <ClInclude Include="source\imgui\imgui_impl_opengl3_loader.h">
      <Filter>Header Files</Filter>
    </ClInclude>
    <ClInclude Include="source\imgui\imgui_internal.h">
      <Filter>Header Files</Filter>
    </ClInclude>
    <ClInclude Include="source\imgui\imstb_rectpack.h">
      <Filter>Header Files</Filter>
    </ClInclude>
    <ClInclude Include="source\imgui\imstb_textedit.h">
      <Filter>Header Files</Filter>
    </ClInclude>
    <ClInclude Include="source\imgui\imstb_truetype.h">
      <Filter>Header Files</Filter>
    </ClInclude>
    <ClInclude Include="source\imgui\imgui_impl_glfw.h">
      <Filter>Header Files</Filter>
    </ClInclude>
    <ClInclude Include="source\raytracing\manifest.h">
      <Filter>Header Files</Filter>
    </ClInclude>
    <ClInclude Include="source\raytracing\camera.h">
      <Filter>Header Files</Filter>
    </ClInclude>
    <ClInclude Include="source\scene\camera_controller.h">
      <Filter>Header Files</Filter>
    </ClInclude>
    <ClInclude Include="source\core\math\trigonometry.h">
      <Filter>Header Files</Filter>
    </ClInclude>
    <ClInclude Include="source\raytracing\lights\directional_light.h">
      <Filter>Header Files</Filter>
    </ClInclude>
    <ClInclude Include="source\raytracing\lights\light.h">
      <Filter>Header Files</Filter>
    </ClInclude>
    <ClInclude Include="source\raytracing\lights\point_light.h">
      <Filter>Header Files</Filter>
    </ClInclude>
    <ClInclude Include="source\raytracing\material\texture.h">
      <Filter>Header Files</Filter>
    </ClInclude>
    <ClInclude Include="source\core\graphics\color3.h">
      <Filter>Header Files</Filter>
    </ClInclude>
  </ItemGroup>
</Project>